
Microsoft Visual Studio Solution File, Format Version 12.00
# Visual Studio Version 17
VisualStudioVersion = 17.0.32112.339
MinimumVisualStudioVersion = 10.0.40219.1
Project("{8BC9CEB8-8B4A-11D0-8D11-00A0C91BC942}") = "test01project", "task01project\task01project.vcxproj", "{27EAC043-D395-4A88-98DF-4929A769163B}"
EndProject
Project("{8BC9CEB8-8B4A-11D0-8D11-00A0C91BC942}") = "test02project", "test02project\test02project.vcxproj", "{CB4514FB-929E-4C6A-9E0B-CEB15A9F1756}"
EndProject
Project("{8BC9CEB8-8B4A-11D0-8D11-00A0C91BC942}") = "test03project", "test03project\test03project.vcxproj", "{827FE0FB-0AA5-4390-B6A4-EE7088CDBF0B}"
EndProject
Global
	GlobalSection(SolutionConfigurationPlatforms) = preSolution
		Debug|x64 = Debug|x64
		Debug|x86 = Debug|x86
		Release|x64 = Release|x64
		Release|x86 = Release|x86
	EndGlobalSection
	GlobalSection(ProjectConfigurationPlatforms) = postSolution
		{27EAC043-D395-4A88-98DF-4929A769163B}.Debug|x64.ActiveCfg = Debug|x64
		{27EAC043-D395-4A88-98DF-4929A769163B}.Debug|x64.Build.0 = Debug|x64
		{27EAC043-D395-4A88-98DF-4929A769163B}.Debug|x86.ActiveCfg = Debug|Win32
		{27EAC043-D395-4A88-98DF-4929A769163B}.Debug|x86.Build.0 = Debug|Win32
		{27EAC043-D395-4A88-98DF-4929A769163B}.Release|x64.ActiveCfg = Release|x64
		{27EAC043-D395-4A88-98DF-4929A769163B}.Release|x64.Build.0 = Release|x64
		{27EAC043-D395-4A88-98DF-4929A769163B}.Release|x86.ActiveCfg = Release|Win32
		{27EAC043-D395-4A88-98DF-4929A769163B}.Release|x86.Build.0 = Release|Win32
		{CB4514FB-929E-4C6A-9E0B-CEB15A9F1756}.Debug|x64.ActiveCfg = Debug|x64
		{CB4514FB-929E-4C6A-9E0B-CEB15A9F1756}.Debug|x64.Build.0 = Debug|x64
		{CB4514FB-929E-4C6A-9E0B-CEB15A9F1756}.Debug|x86.ActiveCfg = Debug|Win32
		{CB4514FB-929E-4C6A-9E0B-CEB15A9F1756}.Debug|x86.Build.0 = Debug|Win32
		{CB4514FB-929E-4C6A-9E0B-CEB15A9F1756}.Release|x64.ActiveCfg = Release|x64
		{CB4514FB-929E-4C6A-9E0B-CEB15A9F1756}.Release|x64.Build.0 = Release|x64
		{CB4514FB-929E-4C6A-9E0B-CEB15A9F1756}.Release|x86.ActiveCfg = Release|Win32
		{CB4514FB-929E-4C6A-9E0B-CEB15A9F1756}.Release|x86.Build.0 = Release|Win32
		{827FE0FB-0AA5-4390-B6A4-EE7088CDBF0B}.Debug|x64.ActiveCfg = Debug|x64
		{827FE0FB-0AA5-4390-B6A4-EE7088CDBF0B}.Debug|x64.Build.0 = Debug|x64
		{827FE0FB-0AA5-4390-B6A4-EE7088CDBF0B}.Debug|x86.ActiveCfg = Debug|Win32
		{827FE0FB-0AA5-4390-B6A4-EE7088CDBF0B}.Debug|x86.Build.0 = Debug|Win32
		{827FE0FB-0AA5-4390-B6A4-EE7088CDBF0B}.Release|x64.ActiveCfg = Release|x64
		{827FE0FB-0AA5-4390-B6A4-EE7088CDBF0B}.Release|x64.Build.0 = Release|x64
		{827FE0FB-0AA5-4390-B6A4-EE7088CDBF0B}.Release|x86.ActiveCfg = Release|Win32
		{827FE0FB-0AA5-4390-B6A4-EE7088CDBF0B}.Release|x86.Build.0 = Release|Win32
	EndGlobalSection
	GlobalSection(SolutionProperties) = preSolution
		HideSolutionNode = FALSE
	EndGlobalSection
	GlobalSection(ExtensibilityGlobals) = postSolution
		SolutionGuid = {8F417F08-C3F6-478D-926E-812DC1EAAFD9}
	EndGlobalSection
EndGlobal
