
Microsoft Visual Studio Solution File, Format Version 12.00
# Visual Studio Version 17
VisualStudioVersion = 17.0.32112.339
MinimumVisualStudioVersion = 10.0.40219.1
Project("{8BC9CEB8-8B4A-11D0-8D11-00A0C91BC942}") = "test01project", "task01project\task01project.vcxproj", "{27EAC043-D395-4A88-98DF-4929A769163B}"
EndProject
Project("{8BC9CEB8-8B4A-11D0-8D11-00A0C91BC942}") = "test02project", "test02project\test02project.vcxproj", "{CB4514FB-929E-4C6A-9E0B-CEB15A9F1756}"
EndProject
Project("{8BC9CEB8-8B4A-11D0-8D11-00A0C91BC942}") = "test03project", "test03project\test03project.vcxproj", "{827FE0FB-0AA5-4390-B6A4-EE7088CDBF0B}"
EndProject
Project("{8BC9CEB8-8B4A-11D0-8D11-00A0C91BC942}") = "test04project", "test04project\test04project.vcxproj", "{04445F0D-BC67-4554-A17A-331AA141DF0D}"
EndProject
Project("{8BC9CEB8-8B4A-11D0-8D11-00A0C91BC942}") = "test05project", "test05project\test05project.vcxproj", "{42EBEE9A-28B9-4F37-B5C4-88715272013A}"
EndProject
Project("{8BC9CEB8-8B4A-11D0-8D11-00A0C91BC942}") = "test06project", "test06project\test06project.vcxproj", "{06EDFE86-5255-4694-B58D-1FE296C468C5}"
EndProject
Project("{8BC9CEB8-8B4A-11D0-8D11-00A0C91BC942}") = "test07project", "test07project\test07project.vcxproj", "{E34747FD-1FC5-4D41-BEEE-E04DF0CFDA1D}"
EndProject
Global
	GlobalSection(SolutionConfigurationPlatforms) = preSolution
		Debug|x64 = Debug|x64
		Debug|x86 = Debug|x86
		Release|x64 = Release|x64
		Release|x86 = Release|x86
	EndGlobalSection
	GlobalSection(ProjectConfigurationPlatforms) = postSolution
		{27EAC043-D395-4A88-98DF-4929A769163B}.Debug|x64.ActiveCfg = Debug|x64
		{27EAC043-D395-4A88-98DF-4929A769163B}.Debug|x64.Build.0 = Debug|x64
		{27EAC043-D395-4A88-98DF-4929A769163B}.Debug|x86.ActiveCfg = Debug|Win32
		{27EAC043-D395-4A88-98DF-4929A769163B}.Debug|x86.Build.0 = Debug|Win32
		{27EAC043-D395-4A88-98DF-4929A769163B}.Release|x64.ActiveCfg = Release|x64
		{27EAC043-D395-4A88-98DF-4929A769163B}.Release|x64.Build.0 = Release|x64
		{27EAC043-D395-4A88-98DF-4929A769163B}.Release|x86.ActiveCfg = Release|Win32
		{27EAC043-D395-4A88-98DF-4929A769163B}.Release|x86.Build.0 = Release|Win32
		{CB4514FB-929E-4C6A-9E0B-CEB15A9F1756}.Debug|x64.ActiveCfg = Debug|x64
		{CB4514FB-929E-4C6A-9E0B-CEB15A9F1756}.Debug|x64.Build.0 = Debug|x64
		{CB4514FB-929E-4C6A-9E0B-CEB15A9F1756}.Debug|x86.ActiveCfg = Debug|Win32
		{CB4514FB-929E-4C6A-9E0B-CEB15A9F1756}.Debug|x86.Build.0 = Debug|Win32
		{CB4514FB-929E-4C6A-9E0B-CEB15A9F1756}.Release|x64.ActiveCfg = Release|x64
		{CB4514FB-929E-4C6A-9E0B-CEB15A9F1756}.Release|x64.Build.0 = Release|x64
		{CB4514FB-929E-4C6A-9E0B-CEB15A9F1756}.Release|x86.ActiveCfg = Release|Win32
		{CB4514FB-929E-4C6A-9E0B-CEB15A9F1756}.Release|x86.Build.0 = Release|Win32
		{827FE0FB-0AA5-4390-B6A4-EE7088CDBF0B}.Debug|x64.ActiveCfg = Debug|x64
		{827FE0FB-0AA5-4390-B6A4-EE7088CDBF0B}.Debug|x64.Build.0 = Debug|x64
		{827FE0FB-0AA5-4390-B6A4-EE7088CDBF0B}.Debug|x86.ActiveCfg = Debug|Win32
		{827FE0FB-0AA5-4390-B6A4-EE7088CDBF0B}.Debug|x86.Build.0 = Debug|Win32
		{827FE0FB-0AA5-4390-B6A4-EE7088CDBF0B}.Release|x64.ActiveCfg = Release|x64
		{827FE0FB-0AA5-4390-B6A4-EE7088CDBF0B}.Release|x64.Build.0 = Release|x64
		{827FE0FB-0AA5-4390-B6A4-EE7088CDBF0B}.Release|x86.ActiveCfg = Release|Win32
		{827FE0FB-0AA5-4390-B6A4-EE7088CDBF0B}.Release|x86.Build.0 = Release|Win32
		{04445F0D-BC67-4554-A17A-331AA141DF0D}.Debug|x64.ActiveCfg = Debug|x64
		{04445F0D-BC67-4554-A17A-331AA141DF0D}.Debug|x64.Build.0 = Debug|x64
		{04445F0D-BC67-4554-A17A-331AA141DF0D}.Debug|x86.ActiveCfg = Debug|Win32
		{04445F0D-BC67-4554-A17A-331AA141DF0D}.Debug|x86.Build.0 = Debug|Win32
		{04445F0D-BC67-4554-A17A-331AA141DF0D}.Release|x64.ActiveCfg = Release|x64
		{04445F0D-BC67-4554-A17A-331AA141DF0D}.Release|x64.Build.0 = Release|x64
		{04445F0D-BC67-4554-A17A-331AA141DF0D}.Release|x86.ActiveCfg = Release|Win32
		{04445F0D-BC67-4554-A17A-331AA141DF0D}.Release|x86.Build.0 = Release|Win32
		{42EBEE9A-28B9-4F37-B5C4-88715272013A}.Debug|x64.ActiveCfg = Debug|x64
		{42EBEE9A-28B9-4F37-B5C4-88715272013A}.Debug|x64.Build.0 = Debug|x64
		{42EBEE9A-28B9-4F37-B5C4-88715272013A}.Debug|x86.ActiveCfg = Debug|Win32
		{42EBEE9A-28B9-4F37-B5C4-88715272013A}.Debug|x86.Build.0 = Debug|Win32
		{42EBEE9A-28B9-4F37-B5C4-88715272013A}.Release|x64.ActiveCfg = Release|x64
		{42EBEE9A-28B9-4F37-B5C4-88715272013A}.Release|x64.Build.0 = Release|x64
		{42EBEE9A-28B9-4F37-B5C4-88715272013A}.Release|x86.ActiveCfg = Release|Win32
		{42EBEE9A-28B9-4F37-B5C4-88715272013A}.Release|x86.Build.0 = Release|Win32
		{06EDFE86-5255-4694-B58D-1FE296C468C5}.Debug|x64.ActiveCfg = Debug|x64
		{06EDFE86-5255-4694-B58D-1FE296C468C5}.Debug|x64.Build.0 = Debug|x64
		{06EDFE86-5255-4694-B58D-1FE296C468C5}.Debug|x86.ActiveCfg = Debug|Win32
		{06EDFE86-5255-4694-B58D-1FE296C468C5}.Debug|x86.Build.0 = Debug|Win32
		{06EDFE86-5255-4694-B58D-1FE296C468C5}.Release|x64.ActiveCfg = Release|x64
		{06EDFE86-5255-4694-B58D-1FE296C468C5}.Release|x64.Build.0 = Release|x64
		{06EDFE86-5255-4694-B58D-1FE296C468C5}.Release|x86.ActiveCfg = Release|Win32
		{06EDFE86-5255-4694-B58D-1FE296C468C5}.Release|x86.Build.0 = Release|Win32
		{E34747FD-1FC5-4D41-BEEE-E04DF0CFDA1D}.Debug|x64.ActiveCfg = Debug|x64
		{E34747FD-1FC5-4D41-BEEE-E04DF0CFDA1D}.Debug|x64.Build.0 = Debug|x64
		{E34747FD-1FC5-4D41-BEEE-E04DF0CFDA1D}.Debug|x86.ActiveCfg = Debug|Win32
		{E34747FD-1FC5-4D41-BEEE-E04DF0CFDA1D}.Debug|x86.Build.0 = Debug|Win32
		{E34747FD-1FC5-4D41-BEEE-E04DF0CFDA1D}.Release|x64.ActiveCfg = Release|x64
		{E34747FD-1FC5-4D41-BEEE-E04DF0CFDA1D}.Release|x64.Build.0 = Release|x64
		{E34747FD-1FC5-4D41-BEEE-E04DF0CFDA1D}.Release|x86.ActiveCfg = Release|Win32
		{E34747FD-1FC5-4D41-BEEE-E04DF0CFDA1D}.Release|x86.Build.0 = Release|Win32
	EndGlobalSection
	GlobalSection(SolutionProperties) = preSolution
		HideSolutionNode = FALSE
	EndGlobalSection
	GlobalSection(ExtensibilityGlobals) = postSolution
		SolutionGuid = {8F417F08-C3F6-478D-926E-812DC1EAAFD9}
	EndGlobalSection
EndGlobal
